
Microsoft Visual Studio Solution File, Format Version 12.00
# Visual Studio Version 16
VisualStudioVersion = 16.0.29102.190
MinimumVisualStudioVersion = 10.0.40219.1
Project("{FAE04EC0-301F-11D3-BF4B-00C04F79EFBC}") = "Draw and fill", "Lab3\Draw and fill.csproj", "{B1D9A091-EF2F-4A0C-B931-428242A6C611}"
EndProject
Global
	GlobalSection(SolutionConfigurationPlatforms) = preSolution
		Debug|Any CPU = Debug|Any CPU
		Release|Any CPU = Release|Any CPU
	EndGlobalSection
	GlobalSection(ProjectConfigurationPlatforms) = postSolution
		{B1D9A091-EF2F-4A0C-B931-428242A6C611}.Debug|Any CPU.ActiveCfg = Debug|Any CPU
		{B1D9A091-EF2F-4A0C-B931-428242A6C611}.Debug|Any CPU.Build.0 = Debug|Any CPU
		{B1D9A091-EF2F-4A0C-B931-428242A6C611}.Release|Any CPU.ActiveCfg = Release|Any CPU
		{B1D9A091-EF2F-4A0C-B931-428242A6C611}.Release|Any CPU.Build.0 = Release|Any CPU
	EndGlobalSection
	GlobalSection(SolutionProperties) = preSolution
		HideSolutionNode = FALSE
	EndGlobalSection
	GlobalSection(ExtensibilityGlobals) = postSolution
		SolutionGuid = {9BD5A697-F300-4E1C-834C-43606C83EB2F}
	EndGlobalSection
EndGlobal
