
Microsoft Visual Studio Solution File, Format Version 12.00
# Visual Studio Version 16
VisualStudioVersion = 16.0.29102.190
MinimumVisualStudioVersion = 10.0.40219.1
Project("{FAE04EC0-301F-11D3-BF4B-00C04F79EFBC}") = "Image processing", "Image processing\Image processing.csproj", "{EBE5F86F-7F4D-4B67-82AA-28A0DE3CC69B}"
EndProject
Global
	GlobalSection(SolutionConfigurationPlatforms) = preSolution
		Debug|Any CPU = Debug|Any CPU
		Release|Any CPU = Release|Any CPU
	EndGlobalSection
	GlobalSection(ProjectConfigurationPlatforms) = postSolution
		{EBE5F86F-7F4D-4B67-82AA-28A0DE3CC69B}.Debug|Any CPU.ActiveCfg = Debug|Any CPU
		{EBE5F86F-7F4D-4B67-82AA-28A0DE3CC69B}.Debug|Any CPU.Build.0 = Debug|Any CPU
		{EBE5F86F-7F4D-4B67-82AA-28A0DE3CC69B}.Release|Any CPU.ActiveCfg = Release|Any CPU
		{EBE5F86F-7F4D-4B67-82AA-28A0DE3CC69B}.Release|Any CPU.Build.0 = Release|Any CPU
	EndGlobalSection
	GlobalSection(SolutionProperties) = preSolution
		HideSolutionNode = FALSE
	EndGlobalSection
	GlobalSection(ExtensibilityGlobals) = postSolution
		SolutionGuid = {FC6B8F94-5140-4A5D-B52B-C780333A46C3}
	EndGlobalSection
EndGlobal
